// !$*UTF8*$!
{
	archiveVersion = 1;
	classes = {
	};
	objectVersion = 55;
	objects = {

/* Begin PBXBuildFile section */
		0743D2BF28CE6B1300343A90 /* FavoriteButton.swift in Sources */ = {isa = PBXBuildFile; fileRef = 0743D2BE28CE6B1300343A90 /* FavoriteButton.swift */; };
		0743D2C328CE82BB00343A90 /* HexagonParameters.swift in Sources */ = {isa = PBXBuildFile; fileRef = 0743D2C228CE82BB00343A90 /* HexagonParameters.swift */; };
		0743D2C528CE834300343A90 /* BadgeBackground.swift in Sources */ = {isa = PBXBuildFile; fileRef = 0743D2C428CE834300343A90 /* BadgeBackground.swift */; };
		0743D2C728CE861D00343A90 /* BadgeSymbol.swift in Sources */ = {isa = PBXBuildFile; fileRef = 0743D2C628CE861D00343A90 /* BadgeSymbol.swift */; };
		0743D2C928CE86DA00343A90 /* RotatedBadgeSymbol.swift in Sources */ = {isa = PBXBuildFile; fileRef = 0743D2C828CE86DA00343A90 /* RotatedBadgeSymbol.swift */; };
		0743D2CB28CE86FD00343A90 /* Badge.swift in Sources */ = {isa = PBXBuildFile; fileRef = 0743D2CA28CE86FD00343A90 /* Badge.swift */; };
		07441E0528CE50640031B33B /* LandmarkRow.swift in Sources */ = {isa = PBXBuildFile; fileRef = 07441E0428CE50640031B33B /* LandmarkRow.swift */; };
		07441E0728CE51E00031B33B /* LandmarkList.swift in Sources */ = {isa = PBXBuildFile; fileRef = 07441E0628CE51E00031B33B /* LandmarkList.swift */; };
		07441E0928CE55510031B33B /* LandmarkDetail.swift in Sources */ = {isa = PBXBuildFile; fileRef = 07441E0828CE55510031B33B /* LandmarkDetail.swift */; };
		07BC828528CA7B1D00156317 /* LandmarksApp.swift in Sources */ = {isa = PBXBuildFile; fileRef = 07BC828428CA7B1D00156317 /* LandmarksApp.swift */; };
		07BC828728CA7B1D00156317 /* ContentView.swift in Sources */ = {isa = PBXBuildFile; fileRef = 07BC828628CA7B1D00156317 /* ContentView.swift */; };
		07BC828928CA7B1F00156317 /* Assets.xcassets in Resources */ = {isa = PBXBuildFile; fileRef = 07BC828828CA7B1F00156317 /* Assets.xcassets */; };
		07BC828C28CA7B1F00156317 /* Preview Assets.xcassets in Resources */ = {isa = PBXBuildFile; fileRef = 07BC828B28CA7B1F00156317 /* Preview Assets.xcassets */; };
		07BC829628CA7B1F00156317 /* LandmarksTests.swift in Sources */ = {isa = PBXBuildFile; fileRef = 07BC829528CA7B1F00156317 /* LandmarksTests.swift */; };
		07BC82A028CA7B2000156317 /* LandmarksUITests.swift in Sources */ = {isa = PBXBuildFile; fileRef = 07BC829F28CA7B2000156317 /* LandmarksUITests.swift */; };
		07BC82A228CA7B2000156317 /* LandmarksUITestsLaunchTests.swift in Sources */ = {isa = PBXBuildFile; fileRef = 07BC82A128CA7B2000156317 /* LandmarksUITestsLaunchTests.swift */; };
		07BC82AF28CA7FCB00156317 /* CircleImage.swift in Sources */ = {isa = PBXBuildFile; fileRef = 07BC82AE28CA7FCB00156317 /* CircleImage.swift */; };
		07BC82B128CA807300156317 /* MapView.swift in Sources */ = {isa = PBXBuildFile; fileRef = 07BC82B028CA807300156317 /* MapView.swift */; };
		07BC82B328CAB62C00156317 /* landmarkData.json in Resources */ = {isa = PBXBuildFile; fileRef = 07BC82B228CAB62C00156317 /* landmarkData.json */; };
		07BC82B528CAB68500156317 /* Landmark.swift in Sources */ = {isa = PBXBuildFile; fileRef = 07BC82B428CAB68500156317 /* Landmark.swift */; };
		07BC82B728CABB1500156317 /* ModelData.swift in Sources */ = {isa = PBXBuildFile; fileRef = 07BC82B628CABB1500156317 /* ModelData.swift */; };
/* End PBXBuildFile section */

/* Begin PBXContainerItemProxy section */
		07BC829228CA7B1F00156317 /* PBXContainerItemProxy */ = {
			isa = PBXContainerItemProxy;
			containerPortal = 07BC827928CA7B1D00156317 /* Project object */;
			proxyType = 1;
			remoteGlobalIDString = 07BC828028CA7B1D00156317;
			remoteInfo = Landmarks;
		};
		07BC829C28CA7B1F00156317 /* PBXContainerItemProxy */ = {
			isa = PBXContainerItemProxy;
			containerPortal = 07BC827928CA7B1D00156317 /* Project object */;
			proxyType = 1;
			remoteGlobalIDString = 07BC828028CA7B1D00156317;
			remoteInfo = Landmarks;
		};
/* End PBXContainerItemProxy section */

/* Begin PBXFileReference section */
		0743D2BE28CE6B1300343A90 /* FavoriteButton.swift */ = {isa = PBXFileReference; lastKnownFileType = sourcecode.swift; path = FavoriteButton.swift; sourceTree = "<group>"; };
		0743D2C228CE82BB00343A90 /* HexagonParameters.swift */ = {isa = PBXFileReference; lastKnownFileType = sourcecode.swift; name = HexagonParameters.swift; path = Landmarks/Views/Badges/HexagonParameters.swift; sourceTree = SOURCE_ROOT; };
		0743D2C428CE834300343A90 /* BadgeBackground.swift */ = {isa = PBXFileReference; lastKnownFileType = sourcecode.swift; path = BadgeBackground.swift; sourceTree = "<group>"; };
		0743D2C628CE861D00343A90 /* BadgeSymbol.swift */ = {isa = PBXFileReference; lastKnownFileType = sourcecode.swift; path = BadgeSymbol.swift; sourceTree = "<group>"; };
		0743D2C828CE86DA00343A90 /* RotatedBadgeSymbol.swift */ = {isa = PBXFileReference; lastKnownFileType = sourcecode.swift; path = RotatedBadgeSymbol.swift; sourceTree = "<group>"; };
		0743D2CA28CE86FD00343A90 /* Badge.swift */ = {isa = PBXFileReference; lastKnownFileType = sourcecode.swift; path = Badge.swift; sourceTree = "<group>"; };
		07441E0428CE50640031B33B /* LandmarkRow.swift */ = {isa = PBXFileReference; lastKnownFileType = sourcecode.swift; name = LandmarkRow.swift; path = Landmarks/Views/Landmarks/LandmarkRow.swift; sourceTree = SOURCE_ROOT; };
		07441E0628CE51E00031B33B /* LandmarkList.swift */ = {isa = PBXFileReference; lastKnownFileType = sourcecode.swift; path = LandmarkList.swift; sourceTree = "<group>"; };
		07441E0828CE55510031B33B /* LandmarkDetail.swift */ = {isa = PBXFileReference; lastKnownFileType = sourcecode.swift; path = LandmarkDetail.swift; sourceTree = "<group>"; };
		07BC828128CA7B1D00156317 /* Landmarks.app */ = {isa = PBXFileReference; explicitFileType = wrapper.application; includeInIndex = 0; path = Landmarks.app; sourceTree = BUILT_PRODUCTS_DIR; };
		07BC828428CA7B1D00156317 /* LandmarksApp.swift */ = {isa = PBXFileReference; lastKnownFileType = sourcecode.swift; path = LandmarksApp.swift; sourceTree = "<group>"; };
		07BC828628CA7B1D00156317 /* ContentView.swift */ = {isa = PBXFileReference; lastKnownFileType = sourcecode.swift; path = ContentView.swift; sourceTree = "<group>"; };
		07BC828828CA7B1F00156317 /* Assets.xcassets */ = {isa = PBXFileReference; lastKnownFileType = folder.assetcatalog; path = Assets.xcassets; sourceTree = "<group>"; };
		07BC828B28CA7B1F00156317 /* Preview Assets.xcassets */ = {isa = PBXFileReference; lastKnownFileType = folder.assetcatalog; path = "Preview Assets.xcassets"; sourceTree = "<group>"; };
		07BC829128CA7B1F00156317 /* LandmarksTests.xctest */ = {isa = PBXFileReference; explicitFileType = wrapper.cfbundle; includeInIndex = 0; path = LandmarksTests.xctest; sourceTree = BUILT_PRODUCTS_DIR; };
		07BC829528CA7B1F00156317 /* LandmarksTests.swift */ = {isa = PBXFileReference; lastKnownFileType = sourcecode.swift; path = LandmarksTests.swift; sourceTree = "<group>"; };
		07BC829B28CA7B1F00156317 /* LandmarksUITests.xctest */ = {isa = PBXFileReference; explicitFileType = wrapper.cfbundle; includeInIndex = 0; path = LandmarksUITests.xctest; sourceTree = BUILT_PRODUCTS_DIR; };
		07BC829F28CA7B2000156317 /* LandmarksUITests.swift */ = {isa = PBXFileReference; lastKnownFileType = sourcecode.swift; path = LandmarksUITests.swift; sourceTree = "<group>"; };
		07BC82A128CA7B2000156317 /* LandmarksUITestsLaunchTests.swift */ = {isa = PBXFileReference; lastKnownFileType = sourcecode.swift; path = LandmarksUITestsLaunchTests.swift; sourceTree = "<group>"; };
		07BC82AE28CA7FCB00156317 /* CircleImage.swift */ = {isa = PBXFileReference; lastKnownFileType = sourcecode.swift; path = CircleImage.swift; sourceTree = "<group>"; };
		07BC82B028CA807300156317 /* MapView.swift */ = {isa = PBXFileReference; lastKnownFileType = sourcecode.swift; path = MapView.swift; sourceTree = "<group>"; };
		07BC82B228CAB62C00156317 /* landmarkData.json */ = {isa = PBXFileReference; fileEncoding = 4; lastKnownFileType = text.json; path = landmarkData.json; sourceTree = "<group>"; };
		07BC82B428CAB68500156317 /* Landmark.swift */ = {isa = PBXFileReference; lastKnownFileType = sourcecode.swift; path = Landmark.swift; sourceTree = "<group>"; };
		07BC82B628CABB1500156317 /* ModelData.swift */ = {isa = PBXFileReference; lastKnownFileType = sourcecode.swift; path = ModelData.swift; sourceTree = "<group>"; };
/* End PBXFileReference section */

/* Begin PBXFrameworksBuildPhase section */
		07BC827E28CA7B1D00156317 /* Frameworks */ = {
			isa = PBXFrameworksBuildPhase;
			buildActionMask = 2147483647;
			files = (
			);
			runOnlyForDeploymentPostprocessing = 0;
		};
		07BC828E28CA7B1F00156317 /* Frameworks */ = {
			isa = PBXFrameworksBuildPhase;
			buildActionMask = 2147483647;
			files = (
			);
			runOnlyForDeploymentPostprocessing = 0;
		};
		07BC829828CA7B1F00156317 /* Frameworks */ = {
			isa = PBXFrameworksBuildPhase;
			buildActionMask = 2147483647;
			files = (
			);
			runOnlyForDeploymentPostprocessing = 0;
		};
/* End PBXFrameworksBuildPhase section */

/* Begin PBXGroup section */
		0743D2C028CE6B5200343A90 /* Helpers */ = {
			isa = PBXGroup;
			children = (
				0743D2BE28CE6B1300343A90 /* FavoriteButton.swift */,
				07BC82B028CA807300156317 /* MapView.swift */,
				07BC82AE28CA7FCB00156317 /* CircleImage.swift */,
			);
			path = Helpers;
			sourceTree = "<group>";
		};
		0743D2C128CE6BED00343A90 /* Landmarks */ = {
			isa = PBXGroup;
			children = (
				07441E0428CE50640031B33B /* LandmarkRow.swift */,
				07441E0628CE51E00031B33B /* LandmarkList.swift */,
				07441E0828CE55510031B33B /* LandmarkDetail.swift */,
			);
			path = Landmarks;
			sourceTree = "<group>";
		};
		0743D2CC28CE876B00343A90 /* Badges */ = {
			isa = PBXGroup;
			children = (
				0743D2C628CE861D00343A90 /* BadgeSymbol.swift */,
				0743D2C228CE82BB00343A90 /* HexagonParameters.swift */,
				0743D2C428CE834300343A90 /* BadgeBackground.swift */,
				0743D2C828CE86DA00343A90 /* RotatedBadgeSymbol.swift */,
				0743D2CA28CE86FD00343A90 /* Badge.swift */,
			);
			path = Badges;
			sourceTree = "<group>";
		};
		07BC827828CA7B1D00156317 = {
			isa = PBXGroup;
			children = (
				07BC828328CA7B1D00156317 /* Landmarks */,
				07BC829428CA7B1F00156317 /* LandmarksTests */,
				07BC829E28CA7B2000156317 /* LandmarksUITests */,
				07BC828228CA7B1D00156317 /* Products */,
			);
			sourceTree = "<group>";
		};
		07BC828228CA7B1D00156317 /* Products */ = {
			isa = PBXGroup;
			children = (
				07BC828128CA7B1D00156317 /* Landmarks.app */,
				07BC829128CA7B1F00156317 /* LandmarksTests.xctest */,
				07BC829B28CA7B1F00156317 /* LandmarksUITests.xctest */,
			);
			name = Products;
			sourceTree = "<group>";
		};
		07BC828328CA7B1D00156317 /* Landmarks */ = {
			isa = PBXGroup;
			children = (
				07BC828428CA7B1D00156317 /* LandmarksApp.swift */,
				07BC82B828CABB8800156317 /* Views */,
				07BC82B928CABB9600156317 /* Model */,
				07BC82BA28CABBB000156317 /* Resources */,
				07BC828828CA7B1F00156317 /* Assets.xcassets */,
				07BC828A28CA7B1F00156317 /* Preview Content */,
			);
			path = Landmarks;
			sourceTree = "<group>";
		};
		07BC828A28CA7B1F00156317 /* Preview Content */ = {
			isa = PBXGroup;
			children = (
				07BC828B28CA7B1F00156317 /* Preview Assets.xcassets */,
			);
			path = "Preview Content";
			sourceTree = "<group>";
		};
		07BC829428CA7B1F00156317 /* LandmarksTests */ = {
			isa = PBXGroup;
			children = (
				07BC829528CA7B1F00156317 /* LandmarksTests.swift */,
			);
			path = LandmarksTests;
			sourceTree = "<group>";
		};
		07BC829E28CA7B2000156317 /* LandmarksUITests */ = {
			isa = PBXGroup;
			children = (
				07BC829F28CA7B2000156317 /* LandmarksUITests.swift */,
				07BC82A128CA7B2000156317 /* LandmarksUITestsLaunchTests.swift */,
			);
			path = LandmarksUITests;
			sourceTree = "<group>";
		};
		07BC82B828CABB8800156317 /* Views */ = {
			isa = PBXGroup;
			children = (
				0743D2CC28CE876B00343A90 /* Badges */,
				0743D2C128CE6BED00343A90 /* Landmarks */,
				0743D2C028CE6B5200343A90 /* Helpers */,
				07BC828628CA7B1D00156317 /* ContentView.swift */,
			);
			path = Views;
			sourceTree = "<group>";
		};
		07BC82B928CABB9600156317 /* Model */ = {
			isa = PBXGroup;
			children = (
				07BC82B428CAB68500156317 /* Landmark.swift */,
				07BC82B628CABB1500156317 /* ModelData.swift */,
			);
			path = Model;
			sourceTree = "<group>";
		};
		07BC82BA28CABBB000156317 /* Resources */ = {
			isa = PBXGroup;
			children = (
				07BC82B228CAB62C00156317 /* landmarkData.json */,
			);
			path = Resources;
			sourceTree = "<group>";
		};
/* End PBXGroup section */

/* Begin PBXNativeTarget section */
		07BC828028CA7B1D00156317 /* Landmarks */ = {
			isa = PBXNativeTarget;
			buildConfigurationList = 07BC82A528CA7B2000156317 /* Build configuration list for PBXNativeTarget "Landmarks" */;
			buildPhases = (
				07BC827D28CA7B1D00156317 /* Sources */,
				07BC827E28CA7B1D00156317 /* Frameworks */,
				07BC827F28CA7B1D00156317 /* Resources */,
			);
			buildRules = (
			);
			dependencies = (
			);
			name = Landmarks;
			productName = Landmarks;
			productReference = 07BC828128CA7B1D00156317 /* Landmarks.app */;
			productType = "com.apple.product-type.application";
		};
		07BC829028CA7B1F00156317 /* LandmarksTests */ = {
			isa = PBXNativeTarget;
			buildConfigurationList = 07BC82A828CA7B2000156317 /* Build configuration list for PBXNativeTarget "LandmarksTests" */;
			buildPhases = (
				07BC828D28CA7B1F00156317 /* Sources */,
				07BC828E28CA7B1F00156317 /* Frameworks */,
				07BC828F28CA7B1F00156317 /* Resources */,
			);
			buildRules = (
			);
			dependencies = (
				07BC829328CA7B1F00156317 /* PBXTargetDependency */,
			);
			name = LandmarksTests;
			productName = LandmarksTests;
			productReference = 07BC829128CA7B1F00156317 /* LandmarksTests.xctest */;
			productType = "com.apple.product-type.bundle.unit-test";
		};
		07BC829A28CA7B1F00156317 /* LandmarksUITests */ = {
			isa = PBXNativeTarget;
			buildConfigurationList = 07BC82AB28CA7B2000156317 /* Build configuration list for PBXNativeTarget "LandmarksUITests" */;
			buildPhases = (
				07BC829728CA7B1F00156317 /* Sources */,
				07BC829828CA7B1F00156317 /* Frameworks */,
				07BC829928CA7B1F00156317 /* Resources */,
			);
			buildRules = (
			);
			dependencies = (
				07BC829D28CA7B1F00156317 /* PBXTargetDependency */,
			);
			name = LandmarksUITests;
			productName = LandmarksUITests;
			productReference = 07BC829B28CA7B1F00156317 /* LandmarksUITests.xctest */;
			productType = "com.apple.product-type.bundle.ui-testing";
		};
/* End PBXNativeTarget section */

/* Begin PBXProject section */
		07BC827928CA7B1D00156317 /* Project object */ = {
			isa = PBXProject;
			attributes = {
				BuildIndependentTargetsInParallel = 1;
				LastSwiftUpdateCheck = 1340;
				LastUpgradeCheck = 1340;
				TargetAttributes = {
					07BC828028CA7B1D00156317 = {
						CreatedOnToolsVersion = 13.4.1;
					};
					07BC829028CA7B1F00156317 = {
						CreatedOnToolsVersion = 13.4.1;
						TestTargetID = 07BC828028CA7B1D00156317;
					};
					07BC829A28CA7B1F00156317 = {
						CreatedOnToolsVersion = 13.4.1;
						TestTargetID = 07BC828028CA7B1D00156317;
					};
				};
			};
			buildConfigurationList = 07BC827C28CA7B1D00156317 /* Build configuration list for PBXProject "Landmarks" */;
			compatibilityVersion = "Xcode 13.0";
			developmentRegion = en;
			hasScannedForEncodings = 0;
			knownRegions = (
				en,
				Base,
			);
			mainGroup = 07BC827828CA7B1D00156317;
			productRefGroup = 07BC828228CA7B1D00156317 /* Products */;
			projectDirPath = "";
			projectRoot = "";
			targets = (
				07BC828028CA7B1D00156317 /* Landmarks */,
				07BC829028CA7B1F00156317 /* LandmarksTests */,
				07BC829A28CA7B1F00156317 /* LandmarksUITests */,
			);
		};
/* End PBXProject section */

/* Begin PBXResourcesBuildPhase section */
		07BC827F28CA7B1D00156317 /* Resources */ = {
			isa = PBXResourcesBuildPhase;
			buildActionMask = 2147483647;
			files = (
				07BC828C28CA7B1F00156317 /* Preview Assets.xcassets in Resources */,
				07BC828928CA7B1F00156317 /* Assets.xcassets in Resources */,
				07BC82B328CAB62C00156317 /* landmarkData.json in Resources */,
			);
			runOnlyForDeploymentPostprocessing = 0;
		};
		07BC828F28CA7B1F00156317 /* Resources */ = {
			isa = PBXResourcesBuildPhase;
			buildActionMask = 2147483647;
			files = (
			);
			runOnlyForDeploymentPostprocessing = 0;
		};
		07BC829928CA7B1F00156317 /* Resources */ = {
			isa = PBXResourcesBuildPhase;
			buildActionMask = 2147483647;
			files = (
			);
			runOnlyForDeploymentPostprocessing = 0;
		};
/* End PBXResourcesBuildPhase section */

/* Begin PBXSourcesBuildPhase section */
		07BC827D28CA7B1D00156317 /* Sources */ = {
			isa = PBXSourcesBuildPhase;
			buildActionMask = 2147483647;
			files = (
				07BC828728CA7B1D00156317 /* ContentView.swift in Sources */,
				0743D2CB28CE86FD00343A90 /* Badge.swift in Sources */,
				07BC82B128CA807300156317 /* MapView.swift in Sources */,
				07BC828528CA7B1D00156317 /* LandmarksApp.swift in Sources */,
				0743D2BF28CE6B1300343A90 /* FavoriteButton.swift in Sources */,
				0743D2C328CE82BB00343A90 /* HexagonParameters.swift in Sources */,
				0743D2C928CE86DA00343A90 /* RotatedBadgeSymbol.swift in Sources */,
				0743D2C728CE861D00343A90 /* BadgeSymbol.swift in Sources */,
				07441E0728CE51E00031B33B /* LandmarkList.swift in Sources */,
				07441E0928CE55510031B33B /* LandmarkDetail.swift in Sources */,
				0743D2C528CE834300343A90 /* BadgeBackground.swift in Sources */,
				07BC82AF28CA7FCB00156317 /* CircleImage.swift in Sources */,
				07BC82B528CAB68500156317 /* Landmark.swift in Sources */,
				07441E0528CE50640031B33B /* LandmarkRow.swift in Sources */,
				07BC82B728CABB1500156317 /* ModelData.swift in Sources */,
			);
			runOnlyForDeploymentPostprocessing = 0;
		};
		07BC828D28CA7B1F00156317 /* Sources */ = {
			isa = PBXSourcesBuildPhase;
			buildActionMask = 2147483647;
			files = (
				07BC829628CA7B1F00156317 /* LandmarksTests.swift in Sources */,
			);
			runOnlyForDeploymentPostprocessing = 0;
		};
		07BC829728CA7B1F00156317 /* Sources */ = {
			isa = PBXSourcesBuildPhase;
			buildActionMask = 2147483647;
			files = (
				07BC82A228CA7B2000156317 /* LandmarksUITestsLaunchTests.swift in Sources */,
				07BC82A028CA7B2000156317 /* LandmarksUITests.swift in Sources */,
			);
			runOnlyForDeploymentPostprocessing = 0;
		};
/* End PBXSourcesBuildPhase section */

/* Begin PBXTargetDependency section */
		07BC829328CA7B1F00156317 /* PBXTargetDependency */ = {
			isa = PBXTargetDependency;
			target = 07BC828028CA7B1D00156317 /* Landmarks */;
			targetProxy = 07BC829228CA7B1F00156317 /* PBXContainerItemProxy */;
		};
		07BC829D28CA7B1F00156317 /* PBXTargetDependency */ = {
			isa = PBXTargetDependency;
			target = 07BC828028CA7B1D00156317 /* Landmarks */;
			targetProxy = 07BC829C28CA7B1F00156317 /* PBXContainerItemProxy */;
		};
/* End PBXTargetDependency section */

/* Begin XCBuildConfiguration section */
		07BC82A328CA7B2000156317 /* Debug */ = {
			isa = XCBuildConfiguration;
			buildSettings = {
				ALWAYS_SEARCH_USER_PATHS = NO;
				CLANG_ANALYZER_NONNULL = YES;
				CLANG_ANALYZER_NUMBER_OBJECT_CONVERSION = YES_AGGRESSIVE;
				CLANG_CXX_LANGUAGE_STANDARD = "gnu++17";
				CLANG_ENABLE_MODULES = YES;
				CLANG_ENABLE_OBJC_ARC = YES;
				CLANG_ENABLE_OBJC_WEAK = YES;
				CLANG_WARN_BLOCK_CAPTURE_AUTORELEASING = YES;
				CLANG_WARN_BOOL_CONVERSION = YES;
				CLANG_WARN_COMMA = YES;
				CLANG_WARN_CONSTANT_CONVERSION = YES;
				CLANG_WARN_DEPRECATED_OBJC_IMPLEMENTATIONS = YES;
				CLANG_WARN_DIRECT_OBJC_ISA_USAGE = YES_ERROR;
				CLANG_WARN_DOCUMENTATION_COMMENTS = YES;
				CLANG_WARN_EMPTY_BODY = YES;
				CLANG_WARN_ENUM_CONVERSION = YES;
				CLANG_WARN_INFINITE_RECURSION = YES;
				CLANG_WARN_INT_CONVERSION = YES;
				CLANG_WARN_NON_LITERAL_NULL_CONVERSION = YES;
				CLANG_WARN_OBJC_IMPLICIT_RETAIN_SELF = YES;
				CLANG_WARN_OBJC_LITERAL_CONVERSION = YES;
				CLANG_WARN_OBJC_ROOT_CLASS = YES_ERROR;
				CLANG_WARN_QUOTED_INCLUDE_IN_FRAMEWORK_HEADER = YES;
				CLANG_WARN_RANGE_LOOP_ANALYSIS = YES;
				CLANG_WARN_STRICT_PROTOTYPES = YES;
				CLANG_WARN_SUSPICIOUS_MOVE = YES;
				CLANG_WARN_UNGUARDED_AVAILABILITY = YES_AGGRESSIVE;
				CLANG_WARN_UNREACHABLE_CODE = YES;
				CLANG_WARN__DUPLICATE_METHOD_MATCH = YES;
				COPY_PHASE_STRIP = NO;
				DEBUG_INFORMATION_FORMAT = dwarf;
				ENABLE_STRICT_OBJC_MSGSEND = YES;
				ENABLE_TESTABILITY = YES;
				GCC_C_LANGUAGE_STANDARD = gnu11;
				GCC_DYNAMIC_NO_PIC = NO;
				GCC_NO_COMMON_BLOCKS = YES;
				GCC_OPTIMIZATION_LEVEL = 0;
				GCC_PREPROCESSOR_DEFINITIONS = (
					"DEBUG=1",
					"$(inherited)",
				);
				GCC_WARN_64_TO_32_BIT_CONVERSION = YES;
				GCC_WARN_ABOUT_RETURN_TYPE = YES_ERROR;
				GCC_WARN_UNDECLARED_SELECTOR = YES;
				GCC_WARN_UNINITIALIZED_AUTOS = YES_AGGRESSIVE;
				GCC_WARN_UNUSED_FUNCTION = YES;
				GCC_WARN_UNUSED_VARIABLE = YES;
				IPHONEOS_DEPLOYMENT_TARGET = 15.5;
				MTL_ENABLE_DEBUG_INFO = INCLUDE_SOURCE;
				MTL_FAST_MATH = YES;
				ONLY_ACTIVE_ARCH = YES;
				SDKROOT = iphoneos;
				SWIFT_ACTIVE_COMPILATION_CONDITIONS = DEBUG;
				SWIFT_OPTIMIZATION_LEVEL = "-Onone";
			};
			name = Debug;
		};
		07BC82A428CA7B2000156317 /* Release */ = {
			isa = XCBuildConfiguration;
			buildSettings = {
				ALWAYS_SEARCH_USER_PATHS = NO;
				CLANG_ANALYZER_NONNULL = YES;
				CLANG_ANALYZER_NUMBER_OBJECT_CONVERSION = YES_AGGRESSIVE;
				CLANG_CXX_LANGUAGE_STANDARD = "gnu++17";
				CLANG_ENABLE_MODULES = YES;
				CLANG_ENABLE_OBJC_ARC = YES;
				CLANG_ENABLE_OBJC_WEAK = YES;
				CLANG_WARN_BLOCK_CAPTURE_AUTORELEASING = YES;
				CLANG_WARN_BOOL_CONVERSION = YES;
				CLANG_WARN_COMMA = YES;
				CLANG_WARN_CONSTANT_CONVERSION = YES;
				CLANG_WARN_DEPRECATED_OBJC_IMPLEMENTATIONS = YES;
				CLANG_WARN_DIRECT_OBJC_ISA_USAGE = YES_ERROR;
				CLANG_WARN_DOCUMENTATION_COMMENTS = YES;
				CLANG_WARN_EMPTY_BODY = YES;
				CLANG_WARN_ENUM_CONVERSION = YES;
				CLANG_WARN_INFINITE_RECURSION = YES;
				CLANG_WARN_INT_CONVERSION = YES;
				CLANG_WARN_NON_LITERAL_NULL_CONVERSION = YES;
				CLANG_WARN_OBJC_IMPLICIT_RETAIN_SELF = YES;
				CLANG_WARN_OBJC_LITERAL_CONVERSION = YES;
				CLANG_WARN_OBJC_ROOT_CLASS = YES_ERROR;
				CLANG_WARN_QUOTED_INCLUDE_IN_FRAMEWORK_HEADER = YES;
				CLANG_WARN_RANGE_LOOP_ANALYSIS = YES;
				CLANG_WARN_STRICT_PROTOTYPES = YES;
				CLANG_WARN_SUSPICIOUS_MOVE = YES;
				CLANG_WARN_UNGUARDED_AVAILABILITY = YES_AGGRESSIVE;
				CLANG_WARN_UNREACHABLE_CODE = YES;
				CLANG_WARN__DUPLICATE_METHOD_MATCH = YES;
				COPY_PHASE_STRIP = NO;
				DEBUG_INFORMATION_FORMAT = "dwarf-with-dsym";
				ENABLE_NS_ASSERTIONS = NO;
				ENABLE_STRICT_OBJC_MSGSEND = YES;
				GCC_C_LANGUAGE_STANDARD = gnu11;
				GCC_NO_COMMON_BLOCKS = YES;
				GCC_WARN_64_TO_32_BIT_CONVERSION = YES;
				GCC_WARN_ABOUT_RETURN_TYPE = YES_ERROR;
				GCC_WARN_UNDECLARED_SELECTOR = YES;
				GCC_WARN_UNINITIALIZED_AUTOS = YES_AGGRESSIVE;
				GCC_WARN_UNUSED_FUNCTION = YES;
				GCC_WARN_UNUSED_VARIABLE = YES;
				IPHONEOS_DEPLOYMENT_TARGET = 15.5;
				MTL_ENABLE_DEBUG_INFO = NO;
				MTL_FAST_MATH = YES;
				SDKROOT = iphoneos;
				SWIFT_COMPILATION_MODE = wholemodule;
				SWIFT_OPTIMIZATION_LEVEL = "-O";
				VALIDATE_PRODUCT = YES;
			};
			name = Release;
		};
		07BC82A628CA7B2000156317 /* Debug */ = {
			isa = XCBuildConfiguration;
			buildSettings = {
				ASSETCATALOG_COMPILER_APPICON_NAME = AppIcon;
				ASSETCATALOG_COMPILER_GLOBAL_ACCENT_COLOR_NAME = AccentColor;
				CODE_SIGN_STYLE = Automatic;
				CURRENT_PROJECT_VERSION = 1;
				DEVELOPMENT_ASSET_PATHS = "\"Landmarks/Preview Content\"";
				ENABLE_PREVIEWS = YES;
				GENERATE_INFOPLIST_FILE = YES;
				INFOPLIST_KEY_UIApplicationSceneManifest_Generation = YES;
				INFOPLIST_KEY_UIApplicationSupportsIndirectInputEvents = YES;
				INFOPLIST_KEY_UILaunchScreen_Generation = YES;
				INFOPLIST_KEY_UISupportedInterfaceOrientations_iPad = "UIInterfaceOrientationPortrait UIInterfaceOrientationPortraitUpsideDown UIInterfaceOrientationLandscapeLeft UIInterfaceOrientationLandscapeRight";
				INFOPLIST_KEY_UISupportedInterfaceOrientations_iPhone = "UIInterfaceOrientationPortrait UIInterfaceOrientationLandscapeLeft UIInterfaceOrientationLandscapeRight";
				LD_RUNPATH_SEARCH_PATHS = (
					"$(inherited)",
					"@executable_path/Frameworks",
				);
				MARKETING_VERSION = 1.0;
				PRODUCT_BUNDLE_IDENTIFIER = com.ericholdener.Landmarks;
				PRODUCT_NAME = "$(TARGET_NAME)";
				SWIFT_EMIT_LOC_STRINGS = YES;
				SWIFT_VERSION = 5.0;
				TARGETED_DEVICE_FAMILY = "1,2";
			};
			name = Debug;
		};
		07BC82A728CA7B2000156317 /* Release */ = {
			isa = XCBuildConfiguration;
			buildSettings = {
				ASSETCATALOG_COMPILER_APPICON_NAME = AppIcon;
				ASSETCATALOG_COMPILER_GLOBAL_ACCENT_COLOR_NAME = AccentColor;
				CODE_SIGN_STYLE = Automatic;
				CURRENT_PROJECT_VERSION = 1;
				DEVELOPMENT_ASSET_PATHS = "\"Landmarks/Preview Content\"";
				ENABLE_PREVIEWS = YES;
				GENERATE_INFOPLIST_FILE = YES;
				INFOPLIST_KEY_UIApplicationSceneManifest_Generation = YES;
				INFOPLIST_KEY_UIApplicationSupportsIndirectInputEvents = YES;
				INFOPLIST_KEY_UILaunchScreen_Generation = YES;
				INFOPLIST_KEY_UISupportedInterfaceOrientations_iPad = "UIInterfaceOrientationPortrait UIInterfaceOrientationPortraitUpsideDown UIInterfaceOrientationLandscapeLeft UIInterfaceOrientationLandscapeRight";
				INFOPLIST_KEY_UISupportedInterfaceOrientations_iPhone = "UIInterfaceOrientationPortrait UIInterfaceOrientationLandscapeLeft UIInterfaceOrientationLandscapeRight";
				LD_RUNPATH_SEARCH_PATHS = (
					"$(inherited)",
					"@executable_path/Frameworks",
				);
				MARKETING_VERSION = 1.0;
				PRODUCT_BUNDLE_IDENTIFIER = com.ericholdener.Landmarks;
				PRODUCT_NAME = "$(TARGET_NAME)";
				SWIFT_EMIT_LOC_STRINGS = YES;
				SWIFT_VERSION = 5.0;
				TARGETED_DEVICE_FAMILY = "1,2";
			};
			name = Release;
		};
		07BC82A928CA7B2000156317 /* Debug */ = {
			isa = XCBuildConfiguration;
			buildSettings = {
				ALWAYS_EMBED_SWIFT_STANDARD_LIBRARIES = YES;
				BUNDLE_LOADER = "$(TEST_HOST)";
				CODE_SIGN_STYLE = Automatic;
				CURRENT_PROJECT_VERSION = 1;
				GENERATE_INFOPLIST_FILE = YES;
				IPHONEOS_DEPLOYMENT_TARGET = 15.5;
				MARKETING_VERSION = 1.0;
				PRODUCT_BUNDLE_IDENTIFIER = com.ericholdener.LandmarksTests;
				PRODUCT_NAME = "$(TARGET_NAME)";
				SWIFT_EMIT_LOC_STRINGS = NO;
				SWIFT_VERSION = 5.0;
				TARGETED_DEVICE_FAMILY = "1,2";
				TEST_HOST = "$(BUILT_PRODUCTS_DIR)/Landmarks.app/Landmarks";
			};
			name = Debug;
		};
		07BC82AA28CA7B2000156317 /* Release */ = {
			isa = XCBuildConfiguration;
			buildSettings = {
				ALWAYS_EMBED_SWIFT_STANDARD_LIBRARIES = YES;
				BUNDLE_LOADER = "$(TEST_HOST)";
				CODE_SIGN_STYLE = Automatic;
				CURRENT_PROJECT_VERSION = 1;
				GENERATE_INFOPLIST_FILE = YES;
				IPHONEOS_DEPLOYMENT_TARGET = 15.5;
				MARKETING_VERSION = 1.0;
				PRODUCT_BUNDLE_IDENTIFIER = com.ericholdener.LandmarksTests;
				PRODUCT_NAME = "$(TARGET_NAME)";
				SWIFT_EMIT_LOC_STRINGS = NO;
				SWIFT_VERSION = 5.0;
				TARGETED_DEVICE_FAMILY = "1,2";
				TEST_HOST = "$(BUILT_PRODUCTS_DIR)/Landmarks.app/Landmarks";
			};
			name = Release;
		};
		07BC82AC28CA7B2000156317 /* Debug */ = {
			isa = XCBuildConfiguration;
			buildSettings = {
				ALWAYS_EMBED_SWIFT_STANDARD_LIBRARIES = YES;
				CODE_SIGN_STYLE = Automatic;
				CURRENT_PROJECT_VERSION = 1;
				GENERATE_INFOPLIST_FILE = YES;
				MARKETING_VERSION = 1.0;
				PRODUCT_BUNDLE_IDENTIFIER = com.ericholdener.LandmarksUITests;
				PRODUCT_NAME = "$(TARGET_NAME)";
				SWIFT_EMIT_LOC_STRINGS = NO;
				SWIFT_VERSION = 5.0;
				TARGETED_DEVICE_FAMILY = "1,2";
				TEST_TARGET_NAME = Landmarks;
			};
			name = Debug;
		};
		07BC82AD28CA7B2000156317 /* Release */ = {
			isa = XCBuildConfiguration;
			buildSettings = {
				ALWAYS_EMBED_SWIFT_STANDARD_LIBRARIES = YES;
				CODE_SIGN_STYLE = Automatic;
				CURRENT_PROJECT_VERSION = 1;
				GENERATE_INFOPLIST_FILE = YES;
				MARKETING_VERSION = 1.0;
				PRODUCT_BUNDLE_IDENTIFIER = com.ericholdener.LandmarksUITests;
				PRODUCT_NAME = "$(TARGET_NAME)";
				SWIFT_EMIT_LOC_STRINGS = NO;
				SWIFT_VERSION = 5.0;
				TARGETED_DEVICE_FAMILY = "1,2";
				TEST_TARGET_NAME = Landmarks;
			};
			name = Release;
		};
/* End XCBuildConfiguration section */

/* Begin XCConfigurationList section */
		07BC827C28CA7B1D00156317 /* Build configuration list for PBXProject "Landmarks" */ = {
			isa = XCConfigurationList;
			buildConfigurations = (
				07BC82A328CA7B2000156317 /* Debug */,
				07BC82A428CA7B2000156317 /* Release */,
			);
			defaultConfigurationIsVisible = 0;
			defaultConfigurationName = Release;
		};
		07BC82A528CA7B2000156317 /* Build configuration list for PBXNativeTarget "Landmarks" */ = {
			isa = XCConfigurationList;
			buildConfigurations = (
				07BC82A628CA7B2000156317 /* Debug */,
				07BC82A728CA7B2000156317 /* Release */,
			);
			defaultConfigurationIsVisible = 0;
			defaultConfigurationName = Release;
		};
		07BC82A828CA7B2000156317 /* Build configuration list for PBXNativeTarget "LandmarksTests" */ = {
			isa = XCConfigurationList;
			buildConfigurations = (
				07BC82A928CA7B2000156317 /* Debug */,
				07BC82AA28CA7B2000156317 /* Release */,
			);
			defaultConfigurationIsVisible = 0;
			defaultConfigurationName = Release;
		};
		07BC82AB28CA7B2000156317 /* Build configuration list for PBXNativeTarget "LandmarksUITests" */ = {
			isa = XCConfigurationList;
			buildConfigurations = (
				07BC82AC28CA7B2000156317 /* Debug */,
				07BC82AD28CA7B2000156317 /* Release */,
			);
			defaultConfigurationIsVisible = 0;
			defaultConfigurationName = Release;
		};
/* End XCConfigurationList section */
	};
	rootObject = 07BC827928CA7B1D00156317 /* Project object */;
}
